PODS:
  - Flutter (1.0.0)
  - native_toast (0.0.1):
    - Flutter

DEPENDENCIES:
  - Flutter (from `Flutter`)
  - native_toast (from `.symlinks/plugins/native_toast/ios`)

EXTERNAL SOURCES:
  Flutter:
    :path: Flutter
  native_toast:
    :path: ".symlinks/plugins/native_toast/ios"

SPEC CHECKSUMS:
  Flutter: 0e3d915762c693b495b44d77113d4970485de6ec
  native_toast: 8424f74dbb428df5fe14e483fe09ada1061ef0b8

PODFILE CHECKSUM: 1b66dae606f75376c5f2135a8290850eeb09ae83

COCOAPODS: 1.8.4
